{
  "lockfileVersion": 1,
  "configVersion": 1,
  "workspaces": {
    "": {
      "name": "@wats/site-snippets",
      "dependencies": {
        "@wats/core": "0.3.29",
        "@wats/graph": "0.3.29",
      },
      "devDependencies": {
        "typescript": "6.0.3",
      },
    },
  },
  "packages": {
    "@wats/core": ["@wats/core@0.3.29", "", { "dependencies": { "@wats/graph": "^0.3.29" } }, "sha512-eMIDUltG1LNJtrWFCC9BVM0vLkswT5Ha/0wsYsU4G8fmToJVR2ucB/BqJQy/8yPOhLQzbbeJV7LzBcJEzoqmAw=="],

    "@wats/crypto": ["@wats/crypto@0.3.29", "", {}, "sha512-WgScJqtW9Vd7prm6GLeUsLVs2/MYfgXuYmUPpRNlAkXw2VUR3xzsMRlYpzgqfjojhKsy8nAQO+qVmyhsao72VA=="],

    "@wats/graph": ["@wats/graph@0.3.29", "", { "dependencies": { "@wats/crypto": "^0.3.29" } }, "sha512-g8nXetXLy/vpj2mBOC4at1Yh1Ik3N2BT97ZXKkzViwt8WTgGx/HPNg4XfLAll54LLcEo9xLlMTfseG6PWXk2wg=="],

    "typescript": ["typescript@6.0.3", "", { "bin": { "tsc": "bin/tsc", "tsserver": "bin/tsserver" } }, "sha512-y2TvuxSZPDyQakkFRPZHKFm+KKVqIisdg9/CZwm9ftvKXLP8NRWj38/ODjNbr43SsoXqNuAisEf1GdCxqWcdBw=="],
  }
}
