{
  "lockfileVersion": 1,
  "configVersion": 1,
  "workspaces": {
    "": {
      "name": "@wats/site-snippets",
      "dependencies": {
        "@wats/core": "0.3.26",
        "@wats/graph": "0.3.26",
      },
      "devDependencies": {
        "typescript": "6.0.3",
      },
    },
  },
  "packages": {
    "@wats/core": ["@wats/core@0.3.26", "", { "dependencies": { "@wats/graph": "^0.3.26" } }, "sha512-JK4MxSGUMmsDZAkRjw415ditaV5eIZUzSh7GxvrgUmCle5siyhW9M/rCSY/2lBg7IxPh9sWNCvg4CEYjPO/jAA=="],

    "@wats/graph": ["@wats/graph@0.3.26", "", {}, "sha512-MLAvgQ/m/JbQJCQcIQoZeXT9lRyd9v3ZtFXl/ADorv2CDGNjH/ENZGulbFTYX02FEYhZgP6xiC1SIxJnsFYiCg=="],

    "typescript": ["typescript@6.0.3", "", { "bin": { "tsc": "bin/tsc", "tsserver": "bin/tsserver" } }, "sha512-y2TvuxSZPDyQakkFRPZHKFm+KKVqIisdg9/CZwm9ftvKXLP8NRWj38/ODjNbr43SsoXqNuAisEf1GdCxqWcdBw=="],
  }
}
